4826466632986507825
LuaJIT babeae2c3311bed245ee86f3e35a1f244e3da60b
zlib-ng 68ab3e2d80253ec5dc3c83691d9ff70477b32cd3
boost 930f38eb0365ceb7853273e03da4d9e7787abfb9
clipper 904f0e6644c7f01c176443613be8f7788d59c658
concurrentqueue 54fdce755d3e52c785d6d9d7d91c94615495868c
conf 7b687da879396cf5f2692121a0e3735444e7700e
expat b8c26c40f1900899b95c795705e0252fc0c1350c
fmt edb385ac526c24bc917ec4a41bb0edb28f0ca59e
doctest 70e8f76437b76dd5e9c0a2eb9b907df190ab71a0
cista ed9ea61e4d3e287546f778729fafb5caca574658
googletest 34a46558609e05865c197f0260ab36daa7cbbb6e
utl 77aac494c45d2b070e65fe712abc34ac74a91d0f
geo de5a3586871b8b76a487d42fcc673c9487a1e233
libosmium 6e6d6b3081cc8bdf25dda89730e25c36eb995516
lmdb 39d8127e5697b1323a67e61c3ad8f087384c7429
mimalloc 0087f000848de31b0090cb6f282348bd2fd3a9b8
miniz 1edbdece9d71dc65c6ff405572ee37cbdcef7af4
oneTBB c0f883910ed711f12a57faf3d679e162d28fe56a
res b759b93316afeb529b6cb5b2548b24c41e382fb0
pbf-sdf-fonts 91b369e4eb8a618e0a83b0c04b1b08632ea872c4
protozero 8c9f3fa97c2cfdceef86d0b61818ae98e9328f29
sol2 40c7cbc7c5cfed1e8c7f1bbe6fcbe23d7a67fc75
variant 5aa73631dc969087c77433a5cdef246303051f69
