5756570906364792672
LuaJIT 4638e9198beb2f14bd1c90b42aff744469eed404
zlib d1c943390ba4f97aa2f50bedc629b6d29027fa0e
boost be5235eb2258d2ec19e32546ab767a62311d9b46
clipper 904f0e6644c7f01c176443613be8f7788d59c658
concurrentqueue 54fdce755d3e52c785d6d9d7d91c94615495868c
conf 7b687da879396cf5f2692121a0e3735444e7700e
expat b8c26c40f1900899b95c795705e0252fc0c1350c
fmt edb385ac526c24bc917ec4a41bb0edb28f0ca59e
doctest 70e8f76437b76dd5e9c0a2eb9b907df190ab71a0
geo b74f5797c7f1b693b2e8d28a14c0e7836456ff7e
googletest 34a46558609e05865c197f0260ab36daa7cbbb6e
libosmium 672690671b26a38eb163c2487012f50100b7ee74
lmdb 39d8127e5697b1323a67e61c3ad8f087384c7429
miniz 1edbdece9d71dc65c6ff405572ee37cbdcef7af4
res 7d97784ba785ce8a2677ea77164040fde484fb04
pbf-sdf-fonts 91b369e4eb8a618e0a83b0c04b1b08632ea872c4
protozero 8c9f3fa97c2cfdceef86d0b61818ae98e9328f29
sol2 fdb0f8a60e48aa737f0a8d73edede48627f0c984
cista 251a73b51768bea0a23c538e3aa7f47648411a87
utl 67414c9175a18aafe0a5043028ee6a97ca839564
variant 5aa73631dc969087c77433a5cdef246303051f69
